
Microsoft Visual Studio Solution File, Format Version 12.00
# Visual Studio 15
VisualStudioVersion = 15.0.28307.572
MinimumVisualStudioVersion = 10.0.40219.1
Project("{FAE04EC0-301F-11D3-BF4B-00C04F79EFBC}") = "PictureViewer", "PictureViewer\PictureViewer.csproj", "{D686C057-102A-4B2E-9270-E23CCF408AF7}"
EndProject
Global
	GlobalSection(SolutionConfigurationPlatforms) = preSolution
		Debug|Any CPU = Debug|Any CPU
		Release|Any CPU = Release|Any CPU
	EndGlobalSection
	GlobalSection(ProjectConfigurationPlatforms) = postSolution
		{D686C057-102A-4B2E-9270-E23CCF408AF7}.Debug|Any CPU.ActiveCfg = Debug|Any CPU
		{D686C057-102A-4B2E-9270-E23CCF408AF7}.Debug|Any CPU.Build.0 = Debug|Any CPU
		{D686C057-102A-4B2E-9270-E23CCF408AF7}.Release|Any CPU.ActiveCfg = Release|Any CPU
		{D686C057-102A-4B2E-9270-E23CCF408AF7}.Release|Any CPU.Build.0 = Release|Any CPU
	EndGlobalSection
	GlobalSection(SolutionProperties) = preSolution
		HideSolutionNode = FALSE
	EndGlobalSection
	GlobalSection(ExtensibilityGlobals) = postSolution
		SolutionGuid = {88F4AAEB-09D7-4312-9D92-2C9BBC6C188F}
	EndGlobalSection
EndGlobal
